
Microsoft Visual Studio Solution File, Format Version 12.00
# Visual Studio 15
Project("{FAE04EC0-301F-11D3-BF4B-00C04F79EFBC}") = "TrashIT", "TrashIT\TrashIT.csproj", "{1305CA4C-B57D-45E8-971A-27DACED81250}"
EndProject
Global
	GlobalSection(SolutionConfigurationPlatforms) = preSolution
		Debug|Any CPU = Debug|Any CPU
		Release|Any CPU = Release|Any CPU
	EndGlobalSection
	GlobalSection(ProjectConfigurationPlatforms) = postSolution
		{1305CA4C-B57D-45E8-971A-27DACED81250}.Debug|Any CPU.ActiveCfg = Debug|Any CPU
		{1305CA4C-B57D-45E8-971A-27DACED81250}.Debug|Any CPU.Build.0 = Debug|Any CPU
		{1305CA4C-B57D-45E8-971A-27DACED81250}.Release|Any CPU.ActiveCfg = Release|Any CPU
		{1305CA4C-B57D-45E8-971A-27DACED81250}.Release|Any CPU.Build.0 = Release|Any CPU
	EndGlobalSection
EndGlobal
